
Microsoft Visual Studio Solution File, Format Version 12.00
# Visual Studio 2013
VisualStudioVersion = 12.0.31101.0
MinimumVisualStudioVersion = 10.0.40219.1
Project("{FAE04EC0-301F-11D3-BF4B-00C04F79EFBC}") = "PrgPart1", "PrgPart1\PrgPart1.csproj", "{07FF9A43-3798-4B14-AEB6-A41C2A9547BA}"
EndProject
Project("{FAE04EC0-301F-11D3-BF4B-00C04F79EFBC}") = "PrgPart2", "PrgPart2\PrgPart2.csproj", "{813646C0-C8E7-4EC7-AD63-B021AE490099}"
EndProject
Project("{FAE04EC0-301F-11D3-BF4B-00C04F79EFBC}") = "PrgPart3", "PrgPart3\PrgPart3.csproj", "{41349392-BB15-4575-9B6D-D3B734096B90}"
EndProject
Project("{FAE04EC0-301F-11D3-BF4B-00C04F79EFBC}") = "Enumerables-fr", "Enumerables-fr\Enumerables-fr.csproj", "{BD6CD85F-9196-4DFB-BEDC-560004EB982A}"
EndProject
Global
	GlobalSection(SolutionConfigurationPlatforms) = preSolution
		Debug|Any CPU = Debug|Any CPU
		Release|Any CPU = Release|Any CPU
	EndGlobalSection
	GlobalSection(ProjectConfigurationPlatforms) = postSolution
		{07FF9A43-3798-4B14-AEB6-A41C2A9547BA}.Debug|Any CPU.ActiveCfg = Debug|Any CPU
		{07FF9A43-3798-4B14-AEB6-A41C2A9547BA}.Debug|Any CPU.Build.0 = Debug|Any CPU
		{07FF9A43-3798-4B14-AEB6-A41C2A9547BA}.Release|Any CPU.ActiveCfg = Release|Any CPU
		{07FF9A43-3798-4B14-AEB6-A41C2A9547BA}.Release|Any CPU.Build.0 = Release|Any CPU
		{813646C0-C8E7-4EC7-AD63-B021AE490099}.Debug|Any CPU.ActiveCfg = Debug|Any CPU
		{813646C0-C8E7-4EC7-AD63-B021AE490099}.Debug|Any CPU.Build.0 = Debug|Any CPU
		{813646C0-C8E7-4EC7-AD63-B021AE490099}.Release|Any CPU.ActiveCfg = Release|Any CPU
		{813646C0-C8E7-4EC7-AD63-B021AE490099}.Release|Any CPU.Build.0 = Release|Any CPU
		{41349392-BB15-4575-9B6D-D3B734096B90}.Debug|Any CPU.ActiveCfg = Debug|Any CPU
		{41349392-BB15-4575-9B6D-D3B734096B90}.Debug|Any CPU.Build.0 = Debug|Any CPU
		{41349392-BB15-4575-9B6D-D3B734096B90}.Release|Any CPU.ActiveCfg = Release|Any CPU
		{41349392-BB15-4575-9B6D-D3B734096B90}.Release|Any CPU.Build.0 = Release|Any CPU
		{BD6CD85F-9196-4DFB-BEDC-560004EB982A}.Debug|Any CPU.ActiveCfg = Debug|Any CPU
		{BD6CD85F-9196-4DFB-BEDC-560004EB982A}.Debug|Any CPU.Build.0 = Debug|Any CPU
		{BD6CD85F-9196-4DFB-BEDC-560004EB982A}.Release|Any CPU.ActiveCfg = Release|Any CPU
		{BD6CD85F-9196-4DFB-BEDC-560004EB982A}.Release|Any CPU.Build.0 = Release|Any CPU
	EndGlobalSection
	GlobalSection(SolutionProperties) = preSolution
		HideSolutionNode = FALSE
	EndGlobalSection
EndGlobal
