
Microsoft Visual Studio Solution File, Format Version 12.00
# Visual Studio 2013
VisualStudioVersion = 12.0.31101.0
MinimumVisualStudioVersion = 10.0.40219.1
Project("{FAE04EC0-301F-11D3-BF4B-00C04F79EFBC}") = "XDocumentCast", "XDocumentCast\XDocumentCast.csproj", "{B7282086-A06C-4E66-BF5C-900B85CEAE42}"
EndProject
Project("{2150E333-8FDC-42A3-9474-1A3956D46DE8}") = "Github", "Github", "{CD441851-29E0-463D-85A4-25005FF41B42}"
	ProjectSection(SolutionItems) = preProject
		..\README.md = ..\README.md
	EndProjectSection
EndProject
Project("{2150E333-8FDC-42A3-9474-1A3956D46DE8}") = "Article", "Article", "{F8FC6D27-C5C0-4E35-B33D-C7FAFC38CC66}"
	ProjectSection(SolutionItems) = preProject
		..\Article\Article-en-us.md = ..\Article\Article-en-us.md
		..\Article\Article-fr-fr.md = ..\Article\Article-fr-fr.md
	EndProjectSection
EndProject
Global
	GlobalSection(SolutionConfigurationPlatforms) = preSolution
		Debug|Any CPU = Debug|Any CPU
		Release|Any CPU = Release|Any CPU
	EndGlobalSection
	GlobalSection(ProjectConfigurationPlatforms) = postSolution
		{B7282086-A06C-4E66-BF5C-900B85CEAE42}.Debug|Any CPU.ActiveCfg = Debug|Any CPU
		{B7282086-A06C-4E66-BF5C-900B85CEAE42}.Debug|Any CPU.Build.0 = Debug|Any CPU
		{B7282086-A06C-4E66-BF5C-900B85CEAE42}.Release|Any CPU.ActiveCfg = Release|Any CPU
		{B7282086-A06C-4E66-BF5C-900B85CEAE42}.Release|Any CPU.Build.0 = Release|Any CPU
	EndGlobalSection
	GlobalSection(SolutionProperties) = preSolution
		HideSolutionNode = FALSE
	EndGlobalSection
EndGlobal
